
Microsoft Visual Studio Solution File, Format Version 9.00
# Visual Studio 2005
Project("{FAE04EC0-301F-11D3-BF4B-00C04F79EFBC}") = "ExtendedUI", "ExtendedUI\ExtendedUI.csproj", "{2CCE4CF0-4C85-470A-9F9C-97001C2CD9DD}"
EndProject
Global
	GlobalSection(SolutionConfigurationPlatforms) = preSolution
		Debug|Any CPU = Debug|Any CPU
		Release|Any CPU = Release|Any CPU
	EndGlobalSection
	GlobalSection(ProjectConfigurationPlatforms) = postSolution
		{2CCE4CF0-4C85-470A-9F9C-97001C2CD9DD}.Debug|Any CPU.ActiveCfg = Debug|Any CPU
		{2CCE4CF0-4C85-470A-9F9C-97001C2CD9DD}.Debug|Any CPU.Build.0 = Debug|Any CPU
		{2CCE4CF0-4C85-470A-9F9C-97001C2CD9DD}.Release|Any CPU.ActiveCfg = Release|Any CPU
		{2CCE4CF0-4C85-470A-9F9C-97001C2CD9DD}.Release|Any CPU.Build.0 = Release|Any CPU
	EndGlobalSection
	GlobalSection(SolutionProperties) = preSolution
		HideSolutionNode = FALSE
	EndGlobalSection
EndGlobal
